
Microsoft Visual Studio Solution File, Format Version 12.00
# Visual Studio Version 17
VisualStudioVersion = 17.0.32126.317
MinimumVisualStudioVersion = 10.0.40219.1
Project("{FAE04EC0-301F-11D3-BF4B-00C04F79EFBC}") = "DI_sample", "DI_sample\DI_sample.csproj", "{0AA6B597-6241-450A-85F7-530CEAAE795E}"
EndProject
Project("{FAE04EC0-301F-11D3-BF4B-00C04F79EFBC}") = "Components", "Components\Components.csproj", "{14EB06A0-E201-4660-8DD1-29A80462AAFC}"
EndProject
Project("{FAE04EC0-301F-11D3-BF4B-00C04F79EFBC}") = "TestProject1", "TestProject1\TestProject1.csproj", "{7D9A389B-010F-469D-B6E2-17FCDF41BAAD}"
EndProject
Global
	GlobalSection(SolutionConfigurationPlatforms) = preSolution
		Debug|Any CPU = Debug|Any CPU
		Release|Any CPU = Release|Any CPU
	EndGlobalSection
	GlobalSection(ProjectConfigurationPlatforms) = postSolution
		{0AA6B597-6241-450A-85F7-530CEAAE795E}.Debug|Any CPU.ActiveCfg = Debug|Any CPU
		{0AA6B597-6241-450A-85F7-530CEAAE795E}.Debug|Any CPU.Build.0 = Debug|Any CPU
		{0AA6B597-6241-450A-85F7-530CEAAE795E}.Release|Any CPU.ActiveCfg = Release|Any CPU
		{0AA6B597-6241-450A-85F7-530CEAAE795E}.Release|Any CPU.Build.0 = Release|Any CPU
		{14EB06A0-E201-4660-8DD1-29A80462AAFC}.Debug|Any CPU.ActiveCfg = Debug|Any CPU
		{14EB06A0-E201-4660-8DD1-29A80462AAFC}.Debug|Any CPU.Build.0 = Debug|Any CPU
		{14EB06A0-E201-4660-8DD1-29A80462AAFC}.Release|Any CPU.ActiveCfg = Release|Any CPU
		{14EB06A0-E201-4660-8DD1-29A80462AAFC}.Release|Any CPU.Build.0 = Release|Any CPU
		{7D9A389B-010F-469D-B6E2-17FCDF41BAAD}.Debug|Any CPU.ActiveCfg = Debug|Any CPU
		{7D9A389B-010F-469D-B6E2-17FCDF41BAAD}.Debug|Any CPU.Build.0 = Debug|Any CPU
		{7D9A389B-010F-469D-B6E2-17FCDF41BAAD}.Release|Any CPU.ActiveCfg = Release|Any CPU
		{7D9A389B-010F-469D-B6E2-17FCDF41BAAD}.Release|Any CPU.Build.0 = Release|Any CPU
	EndGlobalSection
	GlobalSection(SolutionProperties) = preSolution
		HideSolutionNode = FALSE
	EndGlobalSection
	GlobalSection(ExtensibilityGlobals) = postSolution
		SolutionGuid = {21CCE470-EAB6-4CFE-8416-000F1BF2AD8E}
	EndGlobalSection
EndGlobal
